
Microsoft Visual Studio Solution File, Format Version 12.00
# Visual Studio 14
VisualStudioVersion = 14.0.22823.1
MinimumVisualStudioVersion = 10.0.40219.1
Project("{FAE04EC0-301F-11D3-BF4B-00C04F79EFBC}") = "Flickr2", "Flickr2\Flickr2.csproj", "{B2C3F11E-61C7-4502-AE02-17AF3B9E83D1}"
EndProject
Project("{FAE04EC0-301F-11D3-BF4B-00C04F79EFBC}") = "FlickrNetWS", "..\flickrnet-experimental-master\src\FlickrNetWS.csproj", "{37B6A263-A4EE-47E0-9E77-8BEADC058B91}"
EndProject
Global
	GlobalSection(SolutionConfigurationPlatforms) = preSolution
		AppVeyor|Any CPU = AppVeyor|Any CPU
		AppVeyor|ARM = AppVeyor|ARM
		AppVeyor|x64 = AppVeyor|x64
		AppVeyor|x86 = AppVeyor|x86
		Debug|Any CPU = Debug|Any CPU
		Debug|ARM = Debug|ARM
		Debug|x64 = Debug|x64
		Debug|x86 = Debug|x86
		Release|Any CPU = Release|Any CPU
		Release|ARM = Release|ARM
		Release|x64 = Release|x64
		Release|x86 = Release|x86
	EndGlobalSection
	GlobalSection(ProjectConfigurationPlatforms) = postSolution
		{B2C3F11E-61C7-4502-AE02-17AF3B9E83D1}.AppVeyor|Any CPU.ActiveCfg = Release|Any CPU
		{B2C3F11E-61C7-4502-AE02-17AF3B9E83D1}.AppVeyor|Any CPU.Build.0 = Release|Any CPU
		{B2C3F11E-61C7-4502-AE02-17AF3B9E83D1}.AppVeyor|Any CPU.Deploy.0 = Release|Any CPU
		{B2C3F11E-61C7-4502-AE02-17AF3B9E83D1}.AppVeyor|ARM.ActiveCfg = Release|ARM
		{B2C3F11E-61C7-4502-AE02-17AF3B9E83D1}.AppVeyor|ARM.Build.0 = Release|ARM
		{B2C3F11E-61C7-4502-AE02-17AF3B9E83D1}.AppVeyor|ARM.Deploy.0 = Release|ARM
		{B2C3F11E-61C7-4502-AE02-17AF3B9E83D1}.AppVeyor|x64.ActiveCfg = Release|x64
		{B2C3F11E-61C7-4502-AE02-17AF3B9E83D1}.AppVeyor|x64.Build.0 = Release|x64
		{B2C3F11E-61C7-4502-AE02-17AF3B9E83D1}.AppVeyor|x64.Deploy.0 = Release|x64
		{B2C3F11E-61C7-4502-AE02-17AF3B9E83D1}.AppVeyor|x86.ActiveCfg = Release|x86
		{B2C3F11E-61C7-4502-AE02-17AF3B9E83D1}.AppVeyor|x86.Build.0 = Release|x86
		{B2C3F11E-61C7-4502-AE02-17AF3B9E83D1}.AppVeyor|x86.Deploy.0 = Release|x86
		{B2C3F11E-61C7-4502-AE02-17AF3B9E83D1}.Debug|Any CPU.ActiveCfg = Debug|Any CPU
		{B2C3F11E-61C7-4502-AE02-17AF3B9E83D1}.Debug|Any CPU.Build.0 = Debug|Any CPU
		{B2C3F11E-61C7-4502-AE02-17AF3B9E83D1}.Debug|Any CPU.Deploy.0 = Debug|Any CPU
		{B2C3F11E-61C7-4502-AE02-17AF3B9E83D1}.Debug|ARM.ActiveCfg = Debug|ARM
		{B2C3F11E-61C7-4502-AE02-17AF3B9E83D1}.Debug|ARM.Build.0 = Debug|ARM
		{B2C3F11E-61C7-4502-AE02-17AF3B9E83D1}.Debug|ARM.Deploy.0 = Debug|ARM
		{B2C3F11E-61C7-4502-AE02-17AF3B9E83D1}.Debug|x64.ActiveCfg = Debug|x64
		{B2C3F11E-61C7-4502-AE02-17AF3B9E83D1}.Debug|x64.Build.0 = Debug|x64
		{B2C3F11E-61C7-4502-AE02-17AF3B9E83D1}.Debug|x64.Deploy.0 = Debug|x64
		{B2C3F11E-61C7-4502-AE02-17AF3B9E83D1}.Debug|x86.ActiveCfg = Debug|x86
		{B2C3F11E-61C7-4502-AE02-17AF3B9E83D1}.Debug|x86.Build.0 = Debug|x86
		{B2C3F11E-61C7-4502-AE02-17AF3B9E83D1}.Debug|x86.Deploy.0 = Debug|x86
		{B2C3F11E-61C7-4502-AE02-17AF3B9E83D1}.Release|Any CPU.ActiveCfg = Release|Any CPU
		{B2C3F11E-61C7-4502-AE02-17AF3B9E83D1}.Release|Any CPU.Build.0 = Release|Any CPU
		{B2C3F11E-61C7-4502-AE02-17AF3B9E83D1}.Release|Any CPU.Deploy.0 = Release|Any CPU
		{B2C3F11E-61C7-4502-AE02-17AF3B9E83D1}.Release|ARM.ActiveCfg = Release|ARM
		{B2C3F11E-61C7-4502-AE02-17AF3B9E83D1}.Release|ARM.Build.0 = Release|ARM
		{B2C3F11E-61C7-4502-AE02-17AF3B9E83D1}.Release|ARM.Deploy.0 = Release|ARM
		{B2C3F11E-61C7-4502-AE02-17AF3B9E83D1}.Release|x64.ActiveCfg = Release|x64
		{B2C3F11E-61C7-4502-AE02-17AF3B9E83D1}.Release|x64.Build.0 = Release|x64
		{B2C3F11E-61C7-4502-AE02-17AF3B9E83D1}.Release|x64.Deploy.0 = Release|x64
		{B2C3F11E-61C7-4502-AE02-17AF3B9E83D1}.Release|x86.ActiveCfg = Release|x86
		{B2C3F11E-61C7-4502-AE02-17AF3B9E83D1}.Release|x86.Build.0 = Release|x86
		{B2C3F11E-61C7-4502-AE02-17AF3B9E83D1}.Release|x86.Deploy.0 = Release|x86
		{37B6A263-A4EE-47E0-9E77-8BEADC058B91}.AppVeyor|Any CPU.ActiveCfg = AppVeyor|Any CPU
		{37B6A263-A4EE-47E0-9E77-8BEADC058B91}.AppVeyor|Any CPU.Build.0 = AppVeyor|Any CPU
		{37B6A263-A4EE-47E0-9E77-8BEADC058B91}.AppVeyor|ARM.ActiveCfg = AppVeyor|ARM
		{37B6A263-A4EE-47E0-9E77-8BEADC058B91}.AppVeyor|ARM.Build.0 = AppVeyor|ARM
		{37B6A263-A4EE-47E0-9E77-8BEADC058B91}.AppVeyor|x64.ActiveCfg = AppVeyor|x64
		{37B6A263-A4EE-47E0-9E77-8BEADC058B91}.AppVeyor|x64.Build.0 = AppVeyor|x64
		{37B6A263-A4EE-47E0-9E77-8BEADC058B91}.AppVeyor|x86.ActiveCfg = AppVeyor|x86
		{37B6A263-A4EE-47E0-9E77-8BEADC058B91}.AppVeyor|x86.Build.0 = AppVeyor|x86
		{37B6A263-A4EE-47E0-9E77-8BEADC058B91}.Debug|Any CPU.ActiveCfg = Debug|Any CPU
		{37B6A263-A4EE-47E0-9E77-8BEADC058B91}.Debug|Any CPU.Build.0 = Debug|Any CPU
		{37B6A263-A4EE-47E0-9E77-8BEADC058B91}.Debug|ARM.ActiveCfg = Debug|ARM
		{37B6A263-A4EE-47E0-9E77-8BEADC058B91}.Debug|ARM.Build.0 = Debug|ARM
		{37B6A263-A4EE-47E0-9E77-8BEADC058B91}.Debug|x64.ActiveCfg = Debug|x64
		{37B6A263-A4EE-47E0-9E77-8BEADC058B91}.Debug|x64.Build.0 = Debug|x64
		{37B6A263-A4EE-47E0-9E77-8BEADC058B91}.Debug|x86.ActiveCfg = Debug|x86
		{37B6A263-A4EE-47E0-9E77-8BEADC058B91}.Debug|x86.Build.0 = Debug|x86
		{37B6A263-A4EE-47E0-9E77-8BEADC058B91}.Release|Any CPU.ActiveCfg = Release|Any CPU
		{37B6A263-A4EE-47E0-9E77-8BEADC058B91}.Release|Any CPU.Build.0 = Release|Any CPU
		{37B6A263-A4EE-47E0-9E77-8BEADC058B91}.Release|ARM.ActiveCfg = Release|ARM
		{37B6A263-A4EE-47E0-9E77-8BEADC058B91}.Release|ARM.Build.0 = Release|ARM
		{37B6A263-A4EE-47E0-9E77-8BEADC058B91}.Release|x64.ActiveCfg = Release|x64
		{37B6A263-A4EE-47E0-9E77-8BEADC058B91}.Release|x64.Build.0 = Release|x64
		{37B6A263-A4EE-47E0-9E77-8BEADC058B91}.Release|x86.ActiveCfg = Release|x86
		{37B6A263-A4EE-47E0-9E77-8BEADC058B91}.Release|x86.Build.0 = Release|x86
	EndGlobalSection
	GlobalSection(SolutionProperties) = preSolution
		HideSolutionNode = FALSE
	EndGlobalSection
EndGlobal
